
Microsoft Visual Studio Solution File, Format Version 12.00
# Visual Studio Version 17
VisualStudioVersion = 17.0.31903.59
MinimumVisualStudioVersion = 10.0.40219.1
Project("{FAE04EC0-301F-11D3-BF4B-00C04F79EFBC}") = "Foster.Framework", "Framework\Foster.Framework.csproj", "{9289C5CC-DB68-41D2-8752-3086F4C45CBC}"
EndProject
Global
	GlobalSection(SolutionConfigurationPlatforms) = preSolution
		Debug|Any CPU = Debug|Any CPU
		Release|Any CPU = Release|Any CPU
	EndGlobalSection
	GlobalSection(SolutionProperties) = preSolution
		HideSolutionNode = FALSE
	EndGlobalSection
	GlobalSection(ProjectConfigurationPlatforms) = postSolution
		{9289C5CC-DB68-41D2-8752-3086F4C45CBC}.Debug|Any CPU.ActiveCfg = Debug|Any CPU
		{9289C5CC-DB68-41D2-8752-3086F4C45CBC}.Debug|Any CPU.Build.0 = Debug|Any CPU
		{9289C5CC-DB68-41D2-8752-3086F4C45CBC}.Release|Any CPU.ActiveCfg = Release|Any CPU
		{9289C5CC-DB68-41D2-8752-3086F4C45CBC}.Release|Any CPU.Build.0 = Release|Any CPU
	EndGlobalSection
EndGlobal
