
Microsoft Visual Studio Solution File, Format Version 12.00
# Visual Studio Version 17
VisualStudioVersion = 17.0.31903.59
MinimumVisualStudioVersion = 10.0.40219.1
Project("{9A19103F-16F7-4668-BE54-9A1E7A4F7556}") = "Foster.Framework", "Framework\Foster.Framework.csproj", "{56CC3A01-3034-47DE-9EFA-5FE445FE8173}"
EndProject
Project("{9A19103F-16F7-4668-BE54-9A1E7A4F7556}") = "Basic", "Samples\Basic\Basic.csproj", "{7FFD70B2-B337-477E-9F1E-4C791DCD75B9}"
EndProject
Project("{2150E333-8FDC-42A3-9474-1A3956D46DE8}") = "Samples", "Samples", "{4F0E672E-B329-4A57-B5C4-1A41BFEA7782}"
EndProject
Project("{9A19103F-16F7-4668-BE54-9A1E7A4F7556}") = "Froggymark", "Samples\Froggymark\Froggymark.csproj", "{7B65169D-2979-4E73-9F76-4ADD93F60AFE}"
EndProject
Global
	GlobalSection(SolutionConfigurationPlatforms) = preSolution
		Debug|Any CPU = Debug|Any CPU
		Release|Any CPU = Release|Any CPU
	EndGlobalSection
	GlobalSection(ProjectConfigurationPlatforms) = postSolution
		{56CC3A01-3034-47DE-9EFA-5FE445FE8173}.Debug|Any CPU.ActiveCfg = Debug|Any CPU
		{56CC3A01-3034-47DE-9EFA-5FE445FE8173}.Debug|Any CPU.Build.0 = Debug|Any CPU
		{56CC3A01-3034-47DE-9EFA-5FE445FE8173}.Release|Any CPU.ActiveCfg = Release|Any CPU
		{56CC3A01-3034-47DE-9EFA-5FE445FE8173}.Release|Any CPU.Build.0 = Release|Any CPU
		{7FFD70B2-B337-477E-9F1E-4C791DCD75B9}.Debug|Any CPU.ActiveCfg = Debug|Any CPU
		{7FFD70B2-B337-477E-9F1E-4C791DCD75B9}.Debug|Any CPU.Build.0 = Debug|Any CPU
		{7FFD70B2-B337-477E-9F1E-4C791DCD75B9}.Release|Any CPU.ActiveCfg = Release|Any CPU
		{7FFD70B2-B337-477E-9F1E-4C791DCD75B9}.Release|Any CPU.Build.0 = Release|Any CPU
		{7B65169D-2979-4E73-9F76-4ADD93F60AFE}.Debug|Any CPU.ActiveCfg = Debug|Any CPU
		{7B65169D-2979-4E73-9F76-4ADD93F60AFE}.Debug|Any CPU.Build.0 = Debug|Any CPU
		{7B65169D-2979-4E73-9F76-4ADD93F60AFE}.Release|Any CPU.ActiveCfg = Release|Any CPU
		{7B65169D-2979-4E73-9F76-4ADD93F60AFE}.Release|Any CPU.Build.0 = Release|Any CPU
	EndGlobalSection
	GlobalSection(SolutionProperties) = preSolution
		HideSolutionNode = FALSE
	EndGlobalSection
	GlobalSection(NestedProjects) = preSolution
		{7FFD70B2-B337-477E-9F1E-4C791DCD75B9} = {4F0E672E-B329-4A57-B5C4-1A41BFEA7782}
		{7B65169D-2979-4E73-9F76-4ADD93F60AFE} = {4F0E672E-B329-4A57-B5C4-1A41BFEA7782}
	EndGlobalSection
	GlobalSection(ExtensibilityGlobals) = postSolution
		SolutionGuid = {755B23DD-0EA7-4D86-99FD-09CD78D4F936}
	EndGlobalSection
EndGlobal
